{
  "originHash" : "6e2815fa2bf6809ed6bd93fcb7932b084a3d7229de944cc761d1698691546d8e",
  "pins" : [
    {
      "identity" : "swift-fullscreen-popup",
      "kind" : "remoteSourceControl",
      "location" : "https://github.com/Ryu0118/swift-fullscreen-popup",
      "state" : {
        "revision" : "8c36e1fc68b6227bd7b95b6e8e44031be90db216",
        "version" : "0.3.0"
      }
    },
    {
      "identity" : "swiftpersistence",
      "kind" : "remoteSourceControl",
      "location" : "https://github.com/cheesetan/SwiftPersistence",
      "state" : {
        "revision" : "8b13dfbeac821279cd3ca5fb9f360250325b6f81",
        "version" : "1.1.2"
      }
    }
  ],
  "version" : 3
}
