// !$*UTF8*$!
{
	archiveVersion = 1;
	classes = {
	};
	objectVersion = 56;
	objects = {

/* Begin PBXBuildFile section */
		0ABF2FF72C8EE4FB00C810EE /* SST_IncApp.swift in Sources */ = {isa = PBXBuildFile; fileRef = 0ABF2FF62C8EE4FB00C810EE /* SST_IncApp.swift */; };
		0ABF2FF92C8EE4FB00C810EE /* ContentView.swift in Sources */ = {isa = PBXBuildFile; fileRef = 0ABF2FF82C8EE4FB00C810EE /* ContentView.swift */; };
		0ABF2FFB2C8EE4FE00C810EE /* Assets.xcassets in Resources */ = {isa = PBXBuildFile; fileRef = 0ABF2FFA2C8EE4FE00C810EE /* Assets.xcassets */; };
		0ABF2FFE2C8EE4FE00C810EE /* Preview Assets.xcassets in Resources */ = {isa = PBXBuildFile; fileRef = 0ABF2FFD2C8EE4FE00C810EE /* Preview Assets.xcassets */; };
		0ABF30082C8EE4FE00C810EE /* SST_IncTests.swift in Sources */ = {isa = PBXBuildFile; fileRef = 0ABF30072C8EE4FE00C810EE /* SST_IncTests.swift */; };
		0ABF30122C8EE4FE00C810EE /* SST_IncUITests.swift in Sources */ = {isa = PBXBuildFile; fileRef = 0ABF30112C8EE4FE00C810EE /* SST_IncUITests.swift */; };
		0ABF30142C8EE4FE00C810EE /* SST_IncUITestsLaunchTests.swift in Sources */ = {isa = PBXBuildFile; fileRef = 0ABF30132C8EE4FE00C810EE /* SST_IncUITestsLaunchTests.swift */; };
/* End PBXBuildFile section */

/* Begin PBXContainerItemProxy section */
		0ABF30042C8EE4FE00C810EE /* PBXContainerItemProxy */ = {
			isa = PBXContainerItemProxy;
			containerPortal = 0ABF2FEB2C8EE4FB00C810EE /* Project object */;
			proxyType = 1;
			remoteGlobalIDString = 0ABF2FF22C8EE4FB00C810EE;
			remoteInfo = "SST Inc";
		};
		0ABF300E2C8EE4FE00C810EE /* PBXContainerItemProxy */ = {
			isa = PBXContainerItemProxy;
			containerPortal = 0ABF2FEB2C8EE4FB00C810EE /* Project object */;
			proxyType = 1;
			remoteGlobalIDString = 0ABF2FF22C8EE4FB00C810EE;
			remoteInfo = "SST Inc";
		};
/* End PBXContainerItemProxy section */

/* Begin PBXFileReference section */
		0ABF2FF32C8EE4FB00C810EE /* SST Inc.app */ = {isa = PBXFileReference; explicitFileType = wrapper.application; includeInIndex = 0; path = "SST Inc.app"; sourceTree = BUILT_PRODUCTS_DIR; };
		0ABF2FF62C8EE4FB00C810EE /* SST_IncApp.swift */ = {isa = PBXFileReference; lastKnownFileType = sourcecode.swift; path = SST_IncApp.swift; sourceTree = "<group>"; };
		0ABF2FF82C8EE4FB00C810EE /* ContentView.swift */ = {isa = PBXFileReference; lastKnownFileType = sourcecode.swift; path = ContentView.swift; sourceTree = "<group>"; };
		0ABF2FFA2C8EE4FE00C810EE /* Assets.xcassets */ = {isa = PBXFileReference; lastKnownFileType = folder.assetcatalog; path = Assets.xcassets; sourceTree = "<group>"; };
		0ABF2FFD2C8EE4FE00C810EE /* Preview Assets.xcassets */ = {isa = PBXFileReference; lastKnownFileType = folder.assetcatalog; path = "Preview Assets.xcassets"; sourceTree = "<group>"; };
		0ABF30032C8EE4FE00C810EE /* SST IncTests.xctest */ = {isa = PBXFileReference; explicitFileType = wrapper.cfbundle; includeInIndex = 0; path = "SST IncTests.xctest"; sourceTree = BUILT_PRODUCTS_DIR; };
		0ABF30072C8EE4FE00C810EE /* SST_IncTests.swift */ = {isa = PBXFileReference; lastKnownFileType = sourcecode.swift; path = SST_IncTests.swift; sourceTree = "<group>"; };
		0ABF300D2C8EE4FE00C810EE /* SST IncUITests.xctest */ = {isa = PBXFileReference; explicitFileType = wrapper.cfbundle; includeInIndex = 0; path = "SST IncUITests.xctest"; sourceTree = BUILT_PRODUCTS_DIR; };
		0ABF30112C8EE4FE00C810EE /* SST_IncUITests.swift */ = {isa = PBXFileReference; lastKnownFileType = sourcecode.swift; path = SST_IncUITests.swift; sourceTree = "<group>"; };
		0ABF30132C8EE4FE00C810EE /* SST_IncUITestsLaunchTests.swift */ = {isa = PBXFileReference; lastKnownFileType = sourcecode.swift; path = SST_IncUITestsLaunchTests.swift; sourceTree = "<group>"; };
/* End PBXFileReference section */

/* Begin PBXFrameworksBuildPhase section */
		0ABF2FF02C8EE4FB00C810EE /* Frameworks */ = {
			isa = PBXFrameworksBuildPhase;
			buildActionMask = 2147483647;
			files = (
			);
			runOnlyForDeploymentPostprocessing = 0;
		};
		0ABF30002C8EE4FE00C810EE /* Frameworks */ = {
			isa = PBXFrameworksBuildPhase;
			buildActionMask = 2147483647;
			files = (
			);
			runOnlyForDeploymentPostprocessing = 0;
		};
		0ABF300A2C8EE4FE00C810EE /* Frameworks */ = {
			isa = PBXFrameworksBuildPhase;
			buildActionMask = 2147483647;
			files = (
			);
			runOnlyForDeploymentPostprocessing = 0;
		};
/* End PBXFrameworksBuildPhase section */

/* Begin PBXGroup section */
		0ABF2FEA2C8EE4FB00C810EE = {
			isa = PBXGroup;
			children = (
				0ABF2FF52C8EE4FB00C810EE /* SST Inc */,
				0ABF30062C8EE4FE00C810EE /* SST IncTests */,
				0ABF30102C8EE4FE00C810EE /* SST IncUITests */,
				0ABF2FF42C8EE4FB00C810EE /* Products */,
			);
			sourceTree = "<group>";
		};
		0ABF2FF42C8EE4FB00C810EE /* Products */ = {
			isa = PBXGroup;
			children = (
				0ABF2FF32C8EE4FB00C810EE /* SST Inc.app */,
				0ABF30032C8EE4FE00C810EE /* SST IncTests.xctest */,
				0ABF300D2C8EE4FE00C810EE /* SST IncUITests.xctest */,
			);
			name = Products;
			sourceTree = "<group>";
		};
		0ABF2FF52C8EE4FB00C810EE /* SST Inc */ = {
			isa = PBXGroup;
			children = (
				0ABF2FF62C8EE4FB00C810EE /* SST_IncApp.swift */,
				0ABF2FF82C8EE4FB00C810EE /* ContentView.swift */,
				0ABF2FFA2C8EE4FE00C810EE /* Assets.xcassets */,
				0ABF2FFC2C8EE4FE00C810EE /* Preview Content */,
			);
			path = "SST Inc";
			sourceTree = "<group>";
		};
		0ABF2FFC2C8EE4FE00C810EE /* Preview Content */ = {
			isa = PBXGroup;
			children = (
				0ABF2FFD2C8EE4FE00C810EE /* Preview Assets.xcassets */,
			);
			path = "Preview Content";
			sourceTree = "<group>";
		};
		0ABF30062C8EE4FE00C810EE /* SST IncTests */ = {
			isa = PBXGroup;
			children = (
				0ABF30072C8EE4FE00C810EE /* SST_IncTests.swift */,
			);
			path = "SST IncTests";
			sourceTree = "<group>";
		};
		0ABF30102C8EE4FE00C810EE /* SST IncUITests */ = {
			isa = PBXGroup;
			children = (
				0ABF30112C8EE4FE00C810EE /* SST_IncUITests.swift */,
				0ABF30132C8EE4FE00C810EE /* SST_IncUITestsLaunchTests.swift */,
			);
			path = "SST IncUITests";
			sourceTree = "<group>";
		};
/* End PBXGroup section */

/* Begin PBXNativeTarget section */
		0ABF2FF22C8EE4FB00C810EE /* SST Inc */ = {
			isa = PBXNativeTarget;
			buildConfigurationList = 0ABF30172C8EE4FE00C810EE /* Build configuration list for PBXNativeTarget "SST Inc" */;
			buildPhases = (
				0ABF2FEF2C8EE4FB00C810EE /* Sources */,
				0ABF2FF02C8EE4FB00C810EE /* Frameworks */,
				0ABF2FF12C8EE4FB00C810EE /* Resources */,
			);
			buildRules = (
			);
			dependencies = (
			);
			name = "SST Inc";
			productName = "SST Inc";
			productReference = 0ABF2FF32C8EE4FB00C810EE /* SST Inc.app */;
			productType = "com.apple.product-type.application";
		};
		0ABF30022C8EE4FE00C810EE /* SST IncTests */ = {
			isa = PBXNativeTarget;
			buildConfigurationList = 0ABF301A2C8EE4FE00C810EE /* Build configuration list for PBXNativeTarget "SST IncTests" */;
			buildPhases = (
				0ABF2FFF2C8EE4FE00C810EE /* Sources */,
				0ABF30002C8EE4FE00C810EE /* Frameworks */,
				0ABF30012C8EE4FE00C810EE /* Resources */,
			);
			buildRules = (
			);
			dependencies = (
				0ABF30052C8EE4FE00C810EE /* PBXTargetDependency */,
			);
			name = "SST IncTests";
			productName = "SST IncTests";
			productReference = 0ABF30032C8EE4FE00C810EE /* SST IncTests.xctest */;
			productType = "com.apple.product-type.bundle.unit-test";
		};
		0ABF300C2C8EE4FE00C810EE /* SST IncUITests */ = {
			isa = PBXNativeTarget;
			buildConfigurationList = 0ABF301D2C8EE4FE00C810EE /* Build configuration list for PBXNativeTarget "SST IncUITests" */;
			buildPhases = (
				0ABF30092C8EE4FE00C810EE /* Sources */,
				0ABF300A2C8EE4FE00C810EE /* Frameworks */,
				0ABF300B2C8EE4FE00C810EE /* Resources */,
			);
			buildRules = (
			);
			dependencies = (
				0ABF300F2C8EE4FE00C810EE /* PBXTargetDependency */,
			);
			name = "SST IncUITests";
			productName = "SST IncUITests";
			productReference = 0ABF300D2C8EE4FE00C810EE /* SST IncUITests.xctest */;
			productType = "com.apple.product-type.bundle.ui-testing";
		};
/* End PBXNativeTarget section */

/* Begin PBXProject section */
		0ABF2FEB2C8EE4FB00C810EE /* Project object */ = {
			isa = PBXProject;
			attributes = {
				BuildIndependentTargetsInParallel = 1;
				LastSwiftUpdateCheck = 1540;
				LastUpgradeCheck = 1540;
				TargetAttributes = {
					0ABF2FF22C8EE4FB00C810EE = {
						CreatedOnToolsVersion = 15.4;
					};
					0ABF30022C8EE4FE00C810EE = {
						CreatedOnToolsVersion = 15.4;
						TestTargetID = 0ABF2FF22C8EE4FB00C810EE;
					};
					0ABF300C2C8EE4FE00C810EE = {
						CreatedOnToolsVersion = 15.4;
						TestTargetID = 0ABF2FF22C8EE4FB00C810EE;
					};
				};
			};
			buildConfigurationList = 0ABF2FEE2C8EE4FB00C810EE /* Build configuration list for PBXProject "SST Inc" */;
			compatibilityVersion = "Xcode 14.0";
			developmentRegion = en;
			hasScannedForEncodings = 0;
			knownRegions = (
				en,
				Base,
			);
			mainGroup = 0ABF2FEA2C8EE4FB00C810EE;
			packageReferences = (
				2A8C01302CA5978100335687 /* XCRemoteSwiftPackageReference "SwiftPersistence" */,
				2A8C01312CA599B600335687 /* XCRemoteSwiftPackageReference "swift-fullscreen-popup" */,
			);
			productRefGroup = 0ABF2FF42C8EE4FB00C810EE /* Products */;
			projectDirPath = "";
			projectRoot = "";
			targets = (
				0ABF2FF22C8EE4FB00C810EE /* SST Inc */,
				0ABF30022C8EE4FE00C810EE /* SST IncTests */,
				0ABF300C2C8EE4FE00C810EE /* SST IncUITests */,
			);
		};
/* End PBXProject section */

/* Begin PBXResourcesBuildPhase section */
		0ABF2FF12C8EE4FB00C810EE /* Resources */ = {
			isa = PBXResourcesBuildPhase;
			buildActionMask = 2147483647;
			files = (
				0ABF2FFE2C8EE4FE00C810EE /* Preview Assets.xcassets in Resources */,
				0ABF2FFB2C8EE4FE00C810EE /* Assets.xcassets in Resources */,
			);
			runOnlyForDeploymentPostprocessing = 0;
		};
		0ABF30012C8EE4FE00C810EE /* Resources */ = {
			isa = PBXResourcesBuildPhase;
			buildActionMask = 2147483647;
			files = (
			);
			runOnlyForDeploymentPostprocessing = 0;
		};
		0ABF300B2C8EE4FE00C810EE /* Resources */ = {
			isa = PBXResourcesBuildPhase;
			buildActionMask = 2147483647;
			files = (
			);
			runOnlyForDeploymentPostprocessing = 0;
		};
/* End PBXResourcesBuildPhase section */

/* Begin PBXSourcesBuildPhase section */
		0ABF2FEF2C8EE4FB00C810EE /* Sources */ = {
			isa = PBXSourcesBuildPhase;
			buildActionMask = 2147483647;
			files = (
				0ABF2FF92C8EE4FB00C810EE /* ContentView.swift in Sources */,
				0ABF2FF72C8EE4FB00C810EE /* SST_IncApp.swift in Sources */,
			);
			runOnlyForDeploymentPostprocessing = 0;
		};
		0ABF2FFF2C8EE4FE00C810EE /* Sources */ = {
			isa = PBXSourcesBuildPhase;
			buildActionMask = 2147483647;
			files = (
				0ABF30082C8EE4FE00C810EE /* SST_IncTests.swift in Sources */,
			);
			runOnlyForDeploymentPostprocessing = 0;
		};
		0ABF30092C8EE4FE00C810EE /* Sources */ = {
			isa = PBXSourcesBuildPhase;
			buildActionMask = 2147483647;
			files = (
				0ABF30142C8EE4FE00C810EE /* SST_IncUITestsLaunchTests.swift in Sources */,
				0ABF30122C8EE4FE00C810EE /* SST_IncUITests.swift in Sources */,
			);
			runOnlyForDeploymentPostprocessing = 0;
		};
/* End PBXSourcesBuildPhase section */

/* Begin PBXTargetDependency section */
		0ABF30052C8EE4FE00C810EE /* PBXTargetDependency */ = {
			isa = PBXTargetDependency;
			target = 0ABF2FF22C8EE4FB00C810EE /* SST Inc */;
			targetProxy = 0ABF30042C8EE4FE00C810EE /* PBXContainerItemProxy */;
		};
		0ABF300F2C8EE4FE00C810EE /* PBXTargetDependency */ = {
			isa = PBXTargetDependency;
			target = 0ABF2FF22C8EE4FB00C810EE /* SST Inc */;
			targetProxy = 0ABF300E2C8EE4FE00C810EE /* PBXContainerItemProxy */;
		};
/* End PBXTargetDependency section */

/* Begin XCBuildConfiguration section */
		0ABF30152C8EE4FE00C810EE /* Debug */ = {
			isa = XCBuildConfiguration;
			buildSettings = {
				ALWAYS_SEARCH_USER_PATHS = NO;
				ASSETCATALOG_COMPILER_GENERATE_SWIFT_ASSET_SYMBOL_EXTENSIONS = YES;
				CLANG_ANALYZER_NONNULL = YES;
				CLANG_ANALYZER_NUMBER_OBJECT_CONVERSION = YES_AGGRESSIVE;
				CLANG_CXX_LANGUAGE_STANDARD = "gnu++20";
				CLANG_ENABLE_MODULES = YES;
				CLANG_ENABLE_OBJC_ARC = YES;
				CLANG_ENABLE_OBJC_WEAK = YES;
				CLANG_WARN_BLOCK_CAPTURE_AUTORELEASING = YES;
				CLANG_WARN_BOOL_CONVERSION = YES;
				CLANG_WARN_COMMA = YES;
				CLANG_WARN_CONSTANT_CONVERSION = YES;
				CLANG_WARN_DEPRECATED_OBJC_IMPLEMENTATIONS = YES;
				CLANG_WARN_DIRECT_OBJC_ISA_USAGE = YES_ERROR;
				CLANG_WARN_DOCUMENTATION_COMMENTS = YES;
				CLANG_WARN_EMPTY_BODY = YES;
				CLANG_WARN_ENUM_CONVERSION = YES;
				CLANG_WARN_INFINITE_RECURSION = YES;
				CLANG_WARN_INT_CONVERSION = YES;
				CLANG_WARN_NON_LITERAL_NULL_CONVERSION = YES;
				CLANG_WARN_OBJC_IMPLICIT_RETAIN_SELF = YES;
				CLANG_WARN_OBJC_LITERAL_CONVERSION = YES;
				CLANG_WARN_OBJC_ROOT_CLASS = YES_ERROR;
				CLANG_WARN_QUOTED_INCLUDE_IN_FRAMEWORK_HEADER = YES;
				CLANG_WARN_RANGE_LOOP_ANALYSIS = YES;
				CLANG_WARN_STRICT_PROTOTYPES = YES;
				CLANG_WARN_SUSPICIOUS_MOVE = YES;
				CLANG_WARN_UNGUARDED_AVAILABILITY = YES_AGGRESSIVE;
				CLANG_WARN_UNREACHABLE_CODE = YES;
				CLANG_WARN__DUPLICATE_METHOD_MATCH = YES;
				COPY_PHASE_STRIP = NO;
				DEBUG_INFORMATION_FORMAT = dwarf;
				ENABLE_STRICT_OBJC_MSGSEND = YES;
				ENABLE_TESTABILITY = YES;
				ENABLE_USER_SCRIPT_SANDBOXING = YES;
				GCC_C_LANGUAGE_STANDARD = gnu17;
				GCC_DYNAMIC_NO_PIC = NO;
				GCC_NO_COMMON_BLOCKS = YES;
				GCC_OPTIMIZATION_LEVEL = 0;
				GCC_PREPROCESSOR_DEFINITIONS = (
					"DEBUG=1",
					"$(inherited)",
				);
				GCC_WARN_64_TO_32_BIT_CONVERSION = YES;
				GCC_WARN_ABOUT_RETURN_TYPE = YES_ERROR;
				GCC_WARN_UNDECLARED_SELECTOR = YES;
				GCC_WARN_UNINITIALIZED_AUTOS = YES_AGGRESSIVE;
				GCC_WARN_UNUSED_FUNCTION = YES;
				GCC_WARN_UNUSED_VARIABLE = YES;
				IPHONEOS_DEPLOYMENT_TARGET = 17.5;
				LOCALIZATION_PREFERS_STRING_CATALOGS = YES;
				MTL_ENABLE_DEBUG_INFO = INCLUDE_SOURCE;
				MTL_FAST_MATH = YES;
				ONLY_ACTIVE_ARCH = YES;
				SDKROOT = iphoneos;
				SWIFT_ACTIVE_COMPILATION_CONDITIONS = "DEBUG $(inherited)";
				SWIFT_OPTIMIZATION_LEVEL = "-Onone";
			};
			name = Debug;
		};
		0ABF30162C8EE4FE00C810EE /* Release */ = {
			isa = XCBuildConfiguration;
			buildSettings = {
				ALWAYS_SEARCH_USER_PATHS = NO;
				ASSETCATALOG_COMPILER_GENERATE_SWIFT_ASSET_SYMBOL_EXTENSIONS = YES;
				CLANG_ANALYZER_NONNULL = YES;
				CLANG_ANALYZER_NUMBER_OBJECT_CONVERSION = YES_AGGRESSIVE;
				CLANG_CXX_LANGUAGE_STANDARD = "gnu++20";
				CLANG_ENABLE_MODULES = YES;
				CLANG_ENABLE_OBJC_ARC = YES;
				CLANG_ENABLE_OBJC_WEAK = YES;
				CLANG_WARN_BLOCK_CAPTURE_AUTORELEASING = YES;
				CLANG_WARN_BOOL_CONVERSION = YES;
				CLANG_WARN_COMMA = YES;
				CLANG_WARN_CONSTANT_CONVERSION = YES;
				CLANG_WARN_DEPRECATED_OBJC_IMPLEMENTATIONS = YES;
				CLANG_WARN_DIRECT_OBJC_ISA_USAGE = YES_ERROR;
				CLANG_WARN_DOCUMENTATION_COMMENTS = YES;
				CLANG_WARN_EMPTY_BODY = YES;
				CLANG_WARN_ENUM_CONVERSION = YES;
				CLANG_WARN_INFINITE_RECURSION = YES;
				CLANG_WARN_INT_CONVERSION = YES;
				CLANG_WARN_NON_LITERAL_NULL_CONVERSION = YES;
				CLANG_WARN_OBJC_IMPLICIT_RETAIN_SELF = YES;
				CLANG_WARN_OBJC_LITERAL_CONVERSION = YES;
				CLANG_WARN_OBJC_ROOT_CLASS = YES_ERROR;
				CLANG_WARN_QUOTED_INCLUDE_IN_FRAMEWORK_HEADER = YES;
				CLANG_WARN_RANGE_LOOP_ANALYSIS = YES;
				CLANG_WARN_STRICT_PROTOTYPES = YES;
				CLANG_WARN_SUSPICIOUS_MOVE = YES;
				CLANG_WARN_UNGUARDED_AVAILABILITY = YES_AGGRESSIVE;
				CLANG_WARN_UNREACHABLE_CODE = YES;
				CLANG_WARN__DUPLICATE_METHOD_MATCH = YES;
				COPY_PHASE_STRIP = NO;
				DEBUG_INFORMATION_FORMAT = "dwarf-with-dsym";
				ENABLE_NS_ASSERTIONS = NO;
				ENABLE_STRICT_OBJC_MSGSEND = YES;
				ENABLE_USER_SCRIPT_SANDBOXING = YES;
				GCC_C_LANGUAGE_STANDARD = gnu17;
				GCC_NO_COMMON_BLOCKS = YES;
				GCC_WARN_64_TO_32_BIT_CONVERSION = YES;
				GCC_WARN_ABOUT_RETURN_TYPE = YES_ERROR;
				GCC_WARN_UNDECLARED_SELECTOR = YES;
				GCC_WARN_UNINITIALIZED_AUTOS = YES_AGGRESSIVE;
				GCC_WARN_UNUSED_FUNCTION = YES;
				GCC_WARN_UNUSED_VARIABLE = YES;
				IPHONEOS_DEPLOYMENT_TARGET = 17.5;
				LOCALIZATION_PREFERS_STRING_CATALOGS = YES;
				MTL_ENABLE_DEBUG_INFO = NO;
				MTL_FAST_MATH = YES;
				SDKROOT = iphoneos;
				SWIFT_COMPILATION_MODE = wholemodule;
				VALIDATE_PRODUCT = YES;
			};
			name = Release;
		};
		0ABF30182C8EE4FE00C810EE /* Debug */ = {
			isa = XCBuildConfiguration;
			buildSettings = {
				ASSETCATALOG_COMPILER_APPICON_NAME = AppIcon;
				ASSETCATALOG_COMPILER_GLOBAL_ACCENT_COLOR_NAME = AccentColor;
				CODE_SIGN_STYLE = Automatic;
				CURRENT_PROJECT_VERSION = 1;
				DEVELOPMENT_ASSET_PATHS = "\"SST Inc/Preview Content\"";
				ENABLE_PREVIEWS = YES;
				GENERATE_INFOPLIST_FILE = YES;
				INFOPLIST_KEY_UIApplicationSceneManifest_Generation = YES;
				INFOPLIST_KEY_UIApplicationSupportsIndirectInputEvents = YES;
				INFOPLIST_KEY_UILaunchScreen_Generation = YES;
				INFOPLIST_KEY_UISupportedInterfaceOrientations_iPad = "UIInterfaceOrientationPortrait UIInterfaceOrientationPortraitUpsideDown UIInterfaceOrientationLandscapeLeft UIInterfaceOrientationLandscapeRight";
				INFOPLIST_KEY_UISupportedInterfaceOrientations_iPhone = "UIInterfaceOrientationPortrait UIInterfaceOrientationLandscapeLeft UIInterfaceOrientationLandscapeRight";
				LD_RUNPATH_SEARCH_PATHS = (
					"$(inherited)",
					"@executable_path/Frameworks",
				);
				MARKETING_VERSION = 1.0;
				PRODUCT_BUNDLE_IDENTIFIER = "Clytia.SST-Inc";
				PRODUCT_NAME = "$(TARGET_NAME)";
				SWIFT_EMIT_LOC_STRINGS = YES;
				SWIFT_VERSION = 5.0;
				TARGETED_DEVICE_FAMILY = "1,2";
			};
			name = Debug;
		};
		0ABF30192C8EE4FE00C810EE /* Release */ = {
			isa = XCBuildConfiguration;
			buildSettings = {
				ASSETCATALOG_COMPILER_APPICON_NAME = AppIcon;
				ASSETCATALOG_COMPILER_GLOBAL_ACCENT_COLOR_NAME = AccentColor;
				CODE_SIGN_STYLE = Automatic;
				CURRENT_PROJECT_VERSION = 1;
				DEVELOPMENT_ASSET_PATHS = "\"SST Inc/Preview Content\"";
				ENABLE_PREVIEWS = YES;
				GENERATE_INFOPLIST_FILE = YES;
				INFOPLIST_KEY_UIApplicationSceneManifest_Generation = YES;
				INFOPLIST_KEY_UIApplicationSupportsIndirectInputEvents = YES;
				INFOPLIST_KEY_UILaunchScreen_Generation = YES;
				INFOPLIST_KEY_UISupportedInterfaceOrientations_iPad = "UIInterfaceOrientationPortrait UIInterfaceOrientationPortraitUpsideDown UIInterfaceOrientationLandscapeLeft UIInterfaceOrientationLandscapeRight";
				INFOPLIST_KEY_UISupportedInterfaceOrientations_iPhone = "UIInterfaceOrientationPortrait UIInterfaceOrientationLandscapeLeft UIInterfaceOrientationLandscapeRight";
				LD_RUNPATH_SEARCH_PATHS = (
					"$(inherited)",
					"@executable_path/Frameworks",
				);
				MARKETING_VERSION = 1.0;
				PRODUCT_BUNDLE_IDENTIFIER = "Clytia.SST-Inc";
				PRODUCT_NAME = "$(TARGET_NAME)";
				SWIFT_EMIT_LOC_STRINGS = YES;
				SWIFT_VERSION = 5.0;
				TARGETED_DEVICE_FAMILY = "1,2";
			};
			name = Release;
		};
		0ABF301B2C8EE4FE00C810EE /* Debug */ = {
			isa = XCBuildConfiguration;
			buildSettings = {
				ALWAYS_EMBED_SWIFT_STANDARD_LIBRARIES = YES;
				BUNDLE_LOADER = "$(TEST_HOST)";
				CODE_SIGN_STYLE = Automatic;
				CURRENT_PROJECT_VERSION = 1;
				GENERATE_INFOPLIST_FILE = YES;
				IPHONEOS_DEPLOYMENT_TARGET = 17.5;
				MARKETING_VERSION = 1.0;
				PRODUCT_BUNDLE_IDENTIFIER = "Clytia.SST-IncTests";
				PRODUCT_NAME = "$(TARGET_NAME)";
				SWIFT_EMIT_LOC_STRINGS = NO;
				SWIFT_VERSION = 5.0;
				TARGETED_DEVICE_FAMILY = "1,2";
				TEST_HOST = "$(BUILT_PRODUCTS_DIR)/SST Inc.app/$(BUNDLE_EXECUTABLE_FOLDER_PATH)/SST Inc";
			};
			name = Debug;
		};
		0ABF301C2C8EE4FE00C810EE /* Release */ = {
			isa = XCBuildConfiguration;
			buildSettings = {
				ALWAYS_EMBED_SWIFT_STANDARD_LIBRARIES = YES;
				BUNDLE_LOADER = "$(TEST_HOST)";
				CODE_SIGN_STYLE = Automatic;
				CURRENT_PROJECT_VERSION = 1;
				GENERATE_INFOPLIST_FILE = YES;
				IPHONEOS_DEPLOYMENT_TARGET = 17.5;
				MARKETING_VERSION = 1.0;
				PRODUCT_BUNDLE_IDENTIFIER = "Clytia.SST-IncTests";
				PRODUCT_NAME = "$(TARGET_NAME)";
				SWIFT_EMIT_LOC_STRINGS = NO;
				SWIFT_VERSION = 5.0;
				TARGETED_DEVICE_FAMILY = "1,2";
				TEST_HOST = "$(BUILT_PRODUCTS_DIR)/SST Inc.app/$(BUNDLE_EXECUTABLE_FOLDER_PATH)/SST Inc";
			};
			name = Release;
		};
		0ABF301E2C8EE4FE00C810EE /* Debug */ = {
			isa = XCBuildConfiguration;
			buildSettings = {
				ALWAYS_EMBED_SWIFT_STANDARD_LIBRARIES = YES;
				CODE_SIGN_STYLE = Automatic;
				CURRENT_PROJECT_VERSION = 1;
				GENERATE_INFOPLIST_FILE = YES;
				MARKETING_VERSION = 1.0;
				PRODUCT_BUNDLE_IDENTIFIER = "Clytia.SST-IncUITests";
				PRODUCT_NAME = "$(TARGET_NAME)";
				SWIFT_EMIT_LOC_STRINGS = NO;
				SWIFT_VERSION = 5.0;
				TARGETED_DEVICE_FAMILY = "1,2";
				TEST_TARGET_NAME = "SST Inc";
			};
			name = Debug;
		};
		0ABF301F2C8EE4FE00C810EE /* Release */ = {
			isa = XCBuildConfiguration;
			buildSettings = {
				ALWAYS_EMBED_SWIFT_STANDARD_LIBRARIES = YES;
				CODE_SIGN_STYLE = Automatic;
				CURRENT_PROJECT_VERSION = 1;
				GENERATE_INFOPLIST_FILE = YES;
				MARKETING_VERSION = 1.0;
				PRODUCT_BUNDLE_IDENTIFIER = "Clytia.SST-IncUITests";
				PRODUCT_NAME = "$(TARGET_NAME)";
				SWIFT_EMIT_LOC_STRINGS = NO;
				SWIFT_VERSION = 5.0;
				TARGETED_DEVICE_FAMILY = "1,2";
				TEST_TARGET_NAME = "SST Inc";
			};
			name = Release;
		};
/* End XCBuildConfiguration section */

/* Begin XCConfigurationList section */
		0ABF2FEE2C8EE4FB00C810EE /* Build configuration list for PBXProject "SST Inc" */ = {
			isa = XCConfigurationList;
			buildConfigurations = (
				0ABF30152C8EE4FE00C810EE /* Debug */,
				0ABF30162C8EE4FE00C810EE /* Release */,
			);
			defaultConfigurationIsVisible = 0;
			defaultConfigurationName = Release;
		};
		0ABF30172C8EE4FE00C810EE /* Build configuration list for PBXNativeTarget "SST Inc" */ = {
			isa = XCConfigurationList;
			buildConfigurations = (
				0ABF30182C8EE4FE00C810EE /* Debug */,
				0ABF30192C8EE4FE00C810EE /* Release */,
			);
			defaultConfigurationIsVisible = 0;
			defaultConfigurationName = Release;
		};
		0ABF301A2C8EE4FE00C810EE /* Build configuration list for PBXNativeTarget "SST IncTests" */ = {
			isa = XCConfigurationList;
			buildConfigurations = (
				0ABF301B2C8EE4FE00C810EE /* Debug */,
				0ABF301C2C8EE4FE00C810EE /* Release */,
			);
			defaultConfigurationIsVisible = 0;
			defaultConfigurationName = Release;
		};
		0ABF301D2C8EE4FE00C810EE /* Build configuration list for PBXNativeTarget "SST IncUITests" */ = {
			isa = XCConfigurationList;
			buildConfigurations = (
				0ABF301E2C8EE4FE00C810EE /* Debug */,
				0ABF301F2C8EE4FE00C810EE /* Release */,
			);
			defaultConfigurationIsVisible = 0;
			defaultConfigurationName = Release;
		};
/* End XCConfigurationList section */

/* Begin XCRemoteSwiftPackageReference section */
		2A8C01302CA5978100335687 /* XCRemoteSwiftPackageReference "SwiftPersistence" */ = {
			isa = XCRemoteSwiftPackageReference;
			repositoryURL = "https://github.com/cheesetan/SwiftPersistence";
			requirement = {
				kind = upToNextMajorVersion;
				minimumVersion = 1.1.2;
			};
		};
		2A8C01312CA599B600335687 /* XCRemoteSwiftPackageReference "swift-fullscreen-popup" */ = {
			isa = XCRemoteSwiftPackageReference;
			repositoryURL = "https://github.com/Ryu0118/swift-fullscreen-popup";
			requirement = {
				kind = upToNextMajorVersion;
				minimumVersion = 0.3.0;
			};
		};
/* End XCRemoteSwiftPackageReference section */
	};
	rootObject = 0ABF2FEB2C8EE4FB00C810EE /* Project object */;
}
